// !$*UTF8*$!
{
	archiveVersion = 1;
	classes = {
	};
	objectVersion = 50;
	objects = {

/* Begin PBXBuildFile section */
		528C6E6424ABF27500D7D6F1 /* AppDelegate.swift in Sources */ = {isa = PBXBuildFile; fileRef = 528C6E6324ABF27500D7D6F1 /* AppDelegate.swift */; };
		528C6E6624ABF27500D7D6F1 /* SceneDelegate.swift in Sources */ = {isa = PBXBuildFile; fileRef = 528C6E6524ABF27500D7D6F1 /* SceneDelegate.swift */; };
		528C6E6824ABF27500D7D6F1 /* ViewController.swift in Sources */ = {isa = PBXBuildFile; fileRef = 528C6E6724ABF27500D7D6F1 /* ViewController.swift */; };
		528C6E6B24ABF27500D7D6F1 /* Main.storyboard in Resources */ = {isa = PBXBuildFile; fileRef = 528C6E6924ABF27500D7D6F1 /* Main.storyboard */; };
		528C6E6D24ABF27C00D7D6F1 /* Assets.xcassets in Resources */ = {isa = PBXBuildFile; fileRef = 528C6E6C24ABF27C00D7D6F1 /* Assets.xcassets */; };
		528C6E7024ABF27C00D7D6F1 /* LaunchScreen.storyboard in Resources */ = {isa = PBXBuildFile; fileRef = 528C6E6E24ABF27C00D7D6F1 /* LaunchScreen.storyboard */; };
		528C6E7B24ABF27D00D7D6F1 /* SONYC_AppTests.swift in Sources */ = {isa = PBXBuildFile; fileRef = 528C6E7A24ABF27D00D7D6F1 /* SONYC_AppTests.swift */; };
		528C6E8624ABF27E00D7D6F1 /* SONYC_AppUITests.swift in Sources */ = {isa = PBXBuildFile; fileRef = 528C6E8524ABF27E00D7D6F1 /* SONYC_AppUITests.swift */; };
/* End PBXBuildFile section */

/* Begin PBXContainerItemProxy section */
		528C6E7724ABF27D00D7D6F1 /* PBXContainerItemProxy */ = {
			isa = PBXContainerItemProxy;
			containerPortal = 528C6E5824ABF27400D7D6F1 /* Project object */;
			proxyType = 1;
			remoteGlobalIDString = 528C6E5F24ABF27500D7D6F1;
			remoteInfo = "SONYC-App";
		};
		528C6E8224ABF27E00D7D6F1 /* PBXContainerItemProxy */ = {
			isa = PBXContainerItemProxy;
			containerPortal = 528C6E5824ABF27400D7D6F1 /* Project object */;
			proxyType = 1;
			remoteGlobalIDString = 528C6E5F24ABF27500D7D6F1;
			remoteInfo = "SONYC-App";
		};
/* End PBXContainerItemProxy section */

/* Begin PBXFileReference section */
		528C6E6024ABF27500D7D6F1 /* SONYC-App.app */ = {isa = PBXFileReference; explicitFileType = wrapper.application; includeInIndex = 0; path = "SONYC-App.app"; sourceTree = BUILT_PRODUCTS_DIR; };
		528C6E6324ABF27500D7D6F1 /* AppDelegate.swift */ = {isa = PBXFileReference; lastKnownFileType = sourcecode.swift; path = AppDelegate.swift; sourceTree = "<group>"; };
		528C6E6524ABF27500D7D6F1 /* SceneDelegate.swift */ = {isa = PBXFileReference; lastKnownFileType = sourcecode.swift; path = SceneDelegate.swift; sourceTree = "<group>"; };
		528C6E6724ABF27500D7D6F1 /* ViewController.swift */ = {isa = PBXFileReference; lastKnownFileType = sourcecode.swift; path = ViewController.swift; sourceTree = "<group>"; };
		528C6E6A24ABF27500D7D6F1 /* Base */ = {isa = PBXFileReference; lastKnownFileType = file.storyboard; name = Base; path = Base.lproj/Main.storyboard; sourceTree = "<group>"; };
		528C6E6C24ABF27C00D7D6F1 /* Assets.xcassets */ = {isa = PBXFileReference; lastKnownFileType = folder.assetcatalog; path = Assets.xcassets; sourceTree = "<group>"; };
		528C6E6F24ABF27C00D7D6F1 /* Base */ = {isa = PBXFileReference; lastKnownFileType = file.storyboard; name = Base; path = Base.lproj/LaunchScreen.storyboard; sourceTree = "<group>"; };
		528C6E7124ABF27C00D7D6F1 /* Info.plist */ = {isa = PBXFileReference; lastKnownFileType = text.plist.xml; path = Info.plist; sourceTree = "<group>"; };
		528C6E7624ABF27D00D7D6F1 /* SONYC-AppTests.xctest */ = {isa = PBXFileReference; explicitFileType = wrapper.cfbundle; includeInIndex = 0; path = "SONYC-AppTests.xctest"; sourceTree = BUILT_PRODUCTS_DIR; };
		528C6E7A24ABF27D00D7D6F1 /* SONYC_AppTests.swift */ = {isa = PBXFileReference; lastKnownFileType = sourcecode.swift; path = SONYC_AppTests.swift; sourceTree = "<group>"; };
		528C6E7C24ABF27D00D7D6F1 /* Info.plist */ = {isa = PBXFileReference; lastKnownFileType = text.plist.xml; path = Info.plist; sourceTree = "<group>"; };
		528C6E8124ABF27D00D7D6F1 /* SONYC-AppUITests.xctest */ = {isa = PBXFileReference; explicitFileType = wrapper.cfbundle; includeInIndex = 0; path = "SONYC-AppUITests.xctest"; sourceTree = BUILT_PRODUCTS_DIR; };
		528C6E8524ABF27E00D7D6F1 /* SONYC_AppUITests.swift */ = {isa = PBXFileReference; lastKnownFileType = sourcecode.swift; path = SONYC_AppUITests.swift; sourceTree = "<group>"; };
		528C6E8724ABF27E00D7D6F1 /* Info.plist */ = {isa = PBXFileReference; lastKnownFileType = text.plist.xml; path = Info.plist; sourceTree = "<group>"; };
/* End PBXFileReference section */

/* Begin PBXFrameworksBuildPhase section */
		528C6E5D24ABF27500D7D6F1 /* Frameworks */ = {
			isa = PBXFrameworksBuildPhase;
			buildActionMask = 2147483647;
			files = (
			);
			runOnlyForDeploymentPostprocessing = 0;
		};
		528C6E7324ABF27D00D7D6F1 /* Frameworks */ = {
			isa = PBXFrameworksBuildPhase;
			buildActionMask = 2147483647;
			files = (
			);
			runOnlyForDeploymentPostprocessing = 0;
		};
		528C6E7E24ABF27D00D7D6F1 /* Frameworks */ = {
			isa = PBXFrameworksBuildPhase;
			buildActionMask = 2147483647;
			files = (
			);
			runOnlyForDeploymentPostprocessing = 0;
		};
/* End PBXFrameworksBuildPhase section */

/* Begin PBXGroup section */
		528C6E5724ABF27400D7D6F1 = {
			isa = PBXGroup;
			children = (
				528C6E6224ABF27500D7D6F1 /* SONYC-App */,
				528C6E7924ABF27D00D7D6F1 /* SONYC-AppTests */,
				528C6E8424ABF27E00D7D6F1 /* SONYC-AppUITests */,
				528C6E6124ABF27500D7D6F1 /* Products */,
			);
			sourceTree = "<group>";
		};
		528C6E6124ABF27500D7D6F1 /* Products */ = {
			isa = PBXGroup;
			children = (
				528C6E6024ABF27500D7D6F1 /* SONYC-App.app */,
				528C6E7624ABF27D00D7D6F1 /* SONYC-AppTests.xctest */,
				528C6E8124ABF27D00D7D6F1 /* SONYC-AppUITests.xctest */,
			);
			name = Products;
			sourceTree = "<group>";
		};
		528C6E6224ABF27500D7D6F1 /* SONYC-App */ = {
			isa = PBXGroup;
			children = (
				528C6E9624ABF46100D7D6F1 /* Data Models */,
				528C6E9524ABF45300D7D6F1 /* Storyboards */,
				528C6E9424ABF42200D7D6F1 /* Support Files */,
				528C6E9324ABF3E300D7D6F1 /* Controllers */,
			);
			path = "SONYC-App";
			sourceTree = "<group>";
		};
		528C6E7924ABF27D00D7D6F1 /* SONYC-AppTests */ = {
			isa = PBXGroup;
			children = (
				528C6E7A24ABF27D00D7D6F1 /* SONYC_AppTests.swift */,
				528C6E7C24ABF27D00D7D6F1 /* Info.plist */,
			);
			path = "SONYC-AppTests";
			sourceTree = "<group>";
		};
		528C6E8424ABF27E00D7D6F1 /* SONYC-AppUITests */ = {
			isa = PBXGroup;
			children = (
				528C6E8524ABF27E00D7D6F1 /* SONYC_AppUITests.swift */,
				528C6E8724ABF27E00D7D6F1 /* Info.plist */,
			);
			path = "SONYC-AppUITests";
			sourceTree = "<group>";
		};
		528C6E9324ABF3E300D7D6F1 /* Controllers */ = {
			isa = PBXGroup;
			children = (
				528C6E6724ABF27500D7D6F1 /* ViewController.swift */,
			);
			path = Controllers;
			sourceTree = "<group>";
		};
		528C6E9424ABF42200D7D6F1 /* Support Files */ = {
			isa = PBXGroup;
			children = (
				528C6E6324ABF27500D7D6F1 /* AppDelegate.swift */,
				528C6E6524ABF27500D7D6F1 /* SceneDelegate.swift */,
				528C6E6C24ABF27C00D7D6F1 /* Assets.xcassets */,
				528C6E7124ABF27C00D7D6F1 /* Info.plist */,
			);
			path = "Support Files";
			sourceTree = "<group>";
		};
		528C6E9524ABF45300D7D6F1 /* Storyboards */ = {
			isa = PBXGroup;
			children = (
				528C6E6924ABF27500D7D6F1 /* Main.storyboard */,
				528C6E6E24ABF27C00D7D6F1 /* LaunchScreen.storyboard */,
			);
			path = Storyboards;
			sourceTree = "<group>";
		};
		528C6E9624ABF46100D7D6F1 /* Data Models */ = {
			isa = PBXGroup;
			children = (
			);
			path = "Data Models";
			sourceTree = "<group>";
		};
/* End PBXGroup section */

/* Begin PBXNativeTarget section */
		528C6E5F24ABF27500D7D6F1 /* SONYC-App */ = {
			isa = PBXNativeTarget;
			buildConfigurationList = 528C6E8A24ABF27E00D7D6F1 /* Build configuration list for PBXNativeTarget "SONYC-App" */;
			buildPhases = (
				528C6E5C24ABF27500D7D6F1 /* Sources */,
				528C6E5D24ABF27500D7D6F1 /* Frameworks */,
				528C6E5E24ABF27500D7D6F1 /* Resources */,
			);
			buildRules = (
			);
			dependencies = (
			);
			name = "SONYC-App";
			productName = "SONYC-App";
			productReference = 528C6E6024ABF27500D7D6F1 /* SONYC-App.app */;
			productType = "com.apple.product-type.application";
		};
		528C6E7524ABF27D00D7D6F1 /* SONYC-AppTests */ = {
			isa = PBXNativeTarget;
			buildConfigurationList = 528C6E8D24ABF27E00D7D6F1 /* Build configuration list for PBXNativeTarget "SONYC-AppTests" */;
			buildPhases = (
				528C6E7224ABF27D00D7D6F1 /* Sources */,
				528C6E7324ABF27D00D7D6F1 /* Frameworks */,
				528C6E7424ABF27D00D7D6F1 /* Resources */,
			);
			buildRules = (
			);
			dependencies = (
				528C6E7824ABF27D00D7D6F1 /* PBXTargetDependency */,
			);
			name = "SONYC-AppTests";
			productName = "SONYC-AppTests";
			productReference = 528C6E7624ABF27D00D7D6F1 /* SONYC-AppTests.xctest */;
			productType = "com.apple.product-type.bundle.unit-test";
		};
		528C6E8024ABF27D00D7D6F1 /* SONYC-AppUITests */ = {
			isa = PBXNativeTarget;
			buildConfigurationList = 528C6E9024ABF27E00D7D6F1 /* Build configuration list for PBXNativeTarget "SONYC-AppUITests" */;
			buildPhases = (
				528C6E7D24ABF27D00D7D6F1 /* Sources */,
				528C6E7E24ABF27D00D7D6F1 /* Frameworks */,
				528C6E7F24ABF27D00D7D6F1 /* Resources */,
			);
			buildRules = (
			);
			dependencies = (
				528C6E8324ABF27E00D7D6F1 /* PBXTargetDependency */,
			);
			name = "SONYC-AppUITests";
			productName = "SONYC-AppUITests";
			productReference = 528C6E8124ABF27D00D7D6F1 /* SONYC-AppUITests.xctest */;
			productType = "com.apple.product-type.bundle.ui-testing";
		};
/* End PBXNativeTarget section */

/* Begin PBXProject section */
		528C6E5824ABF27400D7D6F1 /* Project object */ = {
			isa = PBXProject;
			attributes = {
				LastSwiftUpdateCheck = 1150;
				LastUpgradeCheck = 1150;
				ORGANIZATIONNAME = "sonyc-research";
				TargetAttributes = {
					528C6E5F24ABF27500D7D6F1 = {
						CreatedOnToolsVersion = 11.5;
					};
					528C6E7524ABF27D00D7D6F1 = {
						CreatedOnToolsVersion = 11.5;
						TestTargetID = 528C6E5F24ABF27500D7D6F1;
					};
					528C6E8024ABF27D00D7D6F1 = {
						CreatedOnToolsVersion = 11.5;
						TestTargetID = 528C6E5F24ABF27500D7D6F1;
					};
				};
			};
			buildConfigurationList = 528C6E5B24ABF27400D7D6F1 /* Build configuration list for PBXProject "SONYC-App" */;
			compatibilityVersion = "Xcode 9.3";
			developmentRegion = en;
			hasScannedForEncodings = 0;
			knownRegions = (
				en,
				Base,
			);
			mainGroup = 528C6E5724ABF27400D7D6F1;
			productRefGroup = 528C6E6124ABF27500D7D6F1 /* Products */;
			projectDirPath = "";
			projectRoot = "";
			targets = (
				528C6E5F24ABF27500D7D6F1 /* SONYC-App */,
				528C6E7524ABF27D00D7D6F1 /* SONYC-AppTests */,
				528C6E8024ABF27D00D7D6F1 /* SONYC-AppUITests */,
			);
		};
/* End PBXProject section */

/* Begin PBXResourcesBuildPhase section */
		528C6E5E24ABF27500D7D6F1 /* Resources */ = {
			isa = PBXResourcesBuildPhase;
			buildActionMask = 2147483647;
			files = (
				528C6E7024ABF27C00D7D6F1 /* LaunchScreen.storyboard in Resources */,
				528C6E6D24ABF27C00D7D6F1 /* Assets.xcassets in Resources */,
				528C6E6B24ABF27500D7D6F1 /* Main.storyboard in Resources */,
			);
			runOnlyForDeploymentPostprocessing = 0;
		};
		528C6E7424ABF27D00D7D6F1 /* Resources */ = {
			isa = PBXResourcesBuildPhase;
			buildActionMask = 2147483647;
			files = (
			);
			runOnlyForDeploymentPostprocessing = 0;
		};
		528C6E7F24ABF27D00D7D6F1 /* Resources */ = {
			isa = PBXResourcesBuildPhase;
			buildActionMask = 2147483647;
			files = (
			);
			runOnlyForDeploymentPostprocessing = 0;
		};
/* End PBXResourcesBuildPhase section */

/* Begin PBXSourcesBuildPhase section */
		528C6E5C24ABF27500D7D6F1 /* Sources */ = {
			isa = PBXSourcesBuildPhase;
			buildActionMask = 2147483647;
			files = (
				528C6E6824ABF27500D7D6F1 /* ViewController.swift in Sources */,
				528C6E6424ABF27500D7D6F1 /* AppDelegate.swift in Sources */,
				528C6E6624ABF27500D7D6F1 /* SceneDelegate.swift in Sources */,
			);
			runOnlyForDeploymentPostprocessing = 0;
		};
		528C6E7224ABF27D00D7D6F1 /* Sources */ = {
			isa = PBXSourcesBuildPhase;
			buildActionMask = 2147483647;
			files = (
				528C6E7B24ABF27D00D7D6F1 /* SONYC_AppTests.swift in Sources */,
			);
			runOnlyForDeploymentPostprocessing = 0;
		};
		528C6E7D24ABF27D00D7D6F1 /* Sources */ = {
			isa = PBXSourcesBuildPhase;
			buildActionMask = 2147483647;
			files = (
				528C6E8624ABF27E00D7D6F1 /* SONYC_AppUITests.swift in Sources */,
			);
			runOnlyForDeploymentPostprocessing = 0;
		};
/* End PBXSourcesBuildPhase section */

/* Begin PBXTargetDependency section */
		528C6E7824ABF27D00D7D6F1 /* PBXTargetDependency */ = {
			isa = PBXTargetDependency;
			target = 528C6E5F24ABF27500D7D6F1 /* SONYC-App */;
			targetProxy = 528C6E7724ABF27D00D7D6F1 /* PBXContainerItemProxy */;
		};
		528C6E8324ABF27E00D7D6F1 /* PBXTargetDependency */ = {
			isa = PBXTargetDependency;
			target = 528C6E5F24ABF27500D7D6F1 /* SONYC-App */;
			targetProxy = 528C6E8224ABF27E00D7D6F1 /* PBXContainerItemProxy */;
		};
/* End PBXTargetDependency section */

/* Begin PBXVariantGroup section */
		528C6E6924ABF27500D7D6F1 /* Main.storyboard */ = {
			isa = PBXVariantGroup;
			children = (
				528C6E6A24ABF27500D7D6F1 /* Base */,
			);
			name = Main.storyboard;
			sourceTree = "<group>";
		};
		528C6E6E24ABF27C00D7D6F1 /* LaunchScreen.storyboard */ = {
			isa = PBXVariantGroup;
			children = (
				528C6E6F24ABF27C00D7D6F1 /* Base */,
			);
			name = LaunchScreen.storyboard;
			sourceTree = "<group>";
		};
/* End PBXVariantGroup section */

/* Begin XCBuildConfiguration section */
		528C6E8824ABF27E00D7D6F1 /* Debug */ = {
			isa = XCBuildConfiguration;
			buildSettings = {
				ALWAYS_SEARCH_USER_PATHS = NO;
				CLANG_ANALYZER_NONNULL = YES;
				CLANG_ANALYZER_NUMBER_OBJECT_CONVERSION = YES_AGGRESSIVE;
				CLANG_CXX_LANGUAGE_STANDARD = "gnu++14";
				CLANG_CXX_LIBRARY = "libc++";
				CLANG_ENABLE_MODULES = YES;
				CLANG_ENABLE_OBJC_ARC = YES;
				CLANG_ENABLE_OBJC_WEAK = YES;
				CLANG_WARN_BLOCK_CAPTURE_AUTORELEASING = YES;
				CLANG_WARN_BOOL_CONVERSION = YES;
				CLANG_WARN_COMMA = YES;
				CLANG_WARN_CONSTANT_CONVERSION = YES;
				CLANG_WARN_DEPRECATED_OBJC_IMPLEMENTATIONS = YES;
				CLANG_WARN_DIRECT_OBJC_ISA_USAGE = YES_ERROR;
				CLANG_WARN_DOCUMENTATION_COMMENTS = YES;
				CLANG_WARN_EMPTY_BODY = YES;
				CLANG_WARN_ENUM_CONVERSION = YES;
				CLANG_WARN_INFINITE_RECURSION = YES;
				CLANG_WARN_INT_CONVERSION = YES;
				CLANG_WARN_NON_LITERAL_NULL_CONVERSION = YES;
				CLANG_WARN_OBJC_IMPLICIT_RETAIN_SELF = YES;
				CLANG_WARN_OBJC_LITERAL_CONVERSION = YES;
				CLANG_WARN_OBJC_ROOT_CLASS = YES_ERROR;
				CLANG_WARN_RANGE_LOOP_ANALYSIS = YES;
				CLANG_WARN_STRICT_PROTOTYPES = YES;
				CLANG_WARN_SUSPICIOUS_MOVE = YES;
				CLANG_WARN_UNGUARDED_AVAILABILITY = YES_AGGRESSIVE;
				CLANG_WARN_UNREACHABLE_CODE = YES;
				CLANG_WARN__DUPLICATE_METHOD_MATCH = YES;
				COPY_PHASE_STRIP = NO;
				DEBUG_INFORMATION_FORMAT = dwarf;
				ENABLE_STRICT_OBJC_MSGSEND = YES;
				ENABLE_TESTABILITY = YES;
				GCC_C_LANGUAGE_STANDARD = gnu11;
				GCC_DYNAMIC_NO_PIC = NO;
				GCC_NO_COMMON_BLOCKS = YES;
				GCC_OPTIMIZATION_LEVEL = 0;
				GCC_PREPROCESSOR_DEFINITIONS = (
					"DEBUG=1",
					"$(inherited)",
				);
				GCC_WARN_64_TO_32_BIT_CONVERSION = YES;
				GCC_WARN_ABOUT_RETURN_TYPE = YES_ERROR;
				GCC_WARN_UNDECLARED_SELECTOR = YES;
				GCC_WARN_UNINITIALIZED_AUTOS = YES_AGGRESSIVE;
				GCC_WARN_UNUSED_FUNCTION = YES;
				GCC_WARN_UNUSED_VARIABLE = YES;
				IPHONEOS_DEPLOYMENT_TARGET = 13.5;
				MTL_ENABLE_DEBUG_INFO = INCLUDE_SOURCE;
				MTL_FAST_MATH = YES;
				ONLY_ACTIVE_ARCH = YES;
				SDKROOT = iphoneos;
				SWIFT_ACTIVE_COMPILATION_CONDITIONS = DEBUG;
				SWIFT_OPTIMIZATION_LEVEL = "-Onone";
			};
			name = Debug;
		};
		528C6E8924ABF27E00D7D6F1 /* Release */ = {
			isa = XCBuildConfiguration;
			buildSettings = {
				ALWAYS_SEARCH_USER_PATHS = NO;
				CLANG_ANALYZER_NONNULL = YES;
				CLANG_ANALYZER_NUMBER_OBJECT_CONVERSION = YES_AGGRESSIVE;
				CLANG_CXX_LANGUAGE_STANDARD = "gnu++14";
				CLANG_CXX_LIBRARY = "libc++";
				CLANG_ENABLE_MODULES = YES;
				CLANG_ENABLE_OBJC_ARC = YES;
				CLANG_ENABLE_OBJC_WEAK = YES;
				CLANG_WARN_BLOCK_CAPTURE_AUTORELEASING = YES;
				CLANG_WARN_BOOL_CONVERSION = YES;
				CLANG_WARN_COMMA = YES;
				CLANG_WARN_CONSTANT_CONVERSION = YES;
				CLANG_WARN_DEPRECATED_OBJC_IMPLEMENTATIONS = YES;
				CLANG_WARN_DIRECT_OBJC_ISA_USAGE = YES_ERROR;
				CLANG_WARN_DOCUMENTATION_COMMENTS = YES;
				CLANG_WARN_EMPTY_BODY = YES;
				CLANG_WARN_ENUM_CONVERSION = YES;
				CLANG_WARN_INFINITE_RECURSION = YES;
				CLANG_WARN_INT_CONVERSION = YES;
				CLANG_WARN_NON_LITERAL_NULL_CONVERSION = YES;
				CLANG_WARN_OBJC_IMPLICIT_RETAIN_SELF = YES;
				CLANG_WARN_OBJC_LITERAL_CONVERSION = YES;
				CLANG_WARN_OBJC_ROOT_CLASS = YES_ERROR;
				CLANG_WARN_RANGE_LOOP_ANALYSIS = YES;
				CLANG_WARN_STRICT_PROTOTYPES = YES;
				CLANG_WARN_SUSPICIOUS_MOVE = YES;
				CLANG_WARN_UNGUARDED_AVAILABILITY = YES_AGGRESSIVE;
				CLANG_WARN_UNREACHABLE_CODE = YES;
				CLANG_WARN__DUPLICATE_METHOD_MATCH = YES;
				COPY_PHASE_STRIP = NO;
				DEBUG_INFORMATION_FORMAT = "dwarf-with-dsym";
				ENABLE_NS_ASSERTIONS = NO;
				ENABLE_STRICT_OBJC_MSGSEND = YES;
				GCC_C_LANGUAGE_STANDARD = gnu11;
				GCC_NO_COMMON_BLOCKS = YES;
				GCC_WARN_64_TO_32_BIT_CONVERSION = YES;
				GCC_WARN_ABOUT_RETURN_TYPE = YES_ERROR;
				GCC_WARN_UNDECLARED_SELECTOR = YES;
				GCC_WARN_UNINITIALIZED_AUTOS = YES_AGGRESSIVE;
				GCC_WARN_UNUSED_FUNCTION = YES;
				GCC_WARN_UNUSED_VARIABLE = YES;
				IPHONEOS_DEPLOYMENT_TARGET = 13.5;
				MTL_ENABLE_DEBUG_INFO = NO;
				MTL_FAST_MATH = YES;
				SDKROOT = iphoneos;
				SWIFT_COMPILATION_MODE = wholemodule;
				SWIFT_OPTIMIZATION_LEVEL = "-O";
				VALIDATE_PRODUCT = YES;
			};
			name = Release;
		};
		528C6E8B24ABF27E00D7D6F1 /* Debug */ = {
			isa = XCBuildConfiguration;
			buildSettings = {
				ASSETCATALOG_COMPILER_APPICON_NAME = AppIcon;
				CODE_SIGN_STYLE = Automatic;
				DEVELOPMENT_TEAM = WRXW3U8AZ5;
				INFOPLIST_FILE = "$(SRCROOT)/SONYC-App/Support Files/Info.plist";
				LD_RUNPATH_SEARCH_PATHS = (
					"$(inherited)",
					"@executable_path/Frameworks",
				);
				PRODUCT_BUNDLE_IDENTIFIER = "com.sonyc-research.SONYC-App";
				PRODUCT_NAME = "$(TARGET_NAME)";
				SWIFT_VERSION = 5.0;
				TARGETED_DEVICE_FAMILY = "1,2";
			};
			name = Debug;
		};
		528C6E8C24ABF27E00D7D6F1 /* Release */ = {
			isa = XCBuildConfiguration;
			buildSettings = {
				ASSETCATALOG_COMPILER_APPICON_NAME = AppIcon;
				CODE_SIGN_STYLE = Automatic;
				DEVELOPMENT_TEAM = WRXW3U8AZ5;
				INFOPLIST_FILE = "$(SRCROOT)/SONYC-App/Support Files/Info.plist";
				LD_RUNPATH_SEARCH_PATHS = (
					"$(inherited)",
					"@executable_path/Frameworks",
				);
				PRODUCT_BUNDLE_IDENTIFIER = "com.sonyc-research.SONYC-App";
				PRODUCT_NAME = "$(TARGET_NAME)";
				SWIFT_VERSION = 5.0;
				TARGETED_DEVICE_FAMILY = "1,2";
			};
			name = Release;
		};
		528C6E8E24ABF27E00D7D6F1 /* Debug */ = {
			isa = XCBuildConfiguration;
			buildSettings = {
				ALWAYS_EMBED_SWIFT_STANDARD_LIBRARIES = YES;
				BUNDLE_LOADER = "$(TEST_HOST)";
				CODE_SIGN_STYLE = Automatic;
				DEVELOPMENT_TEAM = WRXW3U8AZ5;
				INFOPLIST_FILE = "SONYC-AppTests/Info.plist";
				IPHONEOS_DEPLOYMENT_TARGET = 13.5;
				LD_RUNPATH_SEARCH_PATHS = (
					"$(inherited)",
					"@executable_path/Frameworks",
					"@loader_path/Frameworks",
				);
				PRODUCT_BUNDLE_IDENTIFIER = "com.sonyc-research.SONYC-AppTests";
				PRODUCT_NAME = "$(TARGET_NAME)";
				SWIFT_VERSION = 5.0;
				TARGETED_DEVICE_FAMILY = "1,2";
				TEST_HOST = "$(BUILT_PRODUCTS_DIR)/SONYC-App.app/SONYC-App";
			};
			name = Debug;
		};
		528C6E8F24ABF27E00D7D6F1 /* Release */ = {
			isa = XCBuildConfiguration;
			buildSettings = {
				ALWAYS_EMBED_SWIFT_STANDARD_LIBRARIES = YES;
				BUNDLE_LOADER = "$(TEST_HOST)";
				CODE_SIGN_STYLE = Automatic;
				DEVELOPMENT_TEAM = WRXW3U8AZ5;
				INFOPLIST_FILE = "SONYC-AppTests/Info.plist";
				IPHONEOS_DEPLOYMENT_TARGET = 13.5;
				LD_RUNPATH_SEARCH_PATHS = (
					"$(inherited)",
					"@executable_path/Frameworks",
					"@loader_path/Frameworks",
				);
				PRODUCT_BUNDLE_IDENTIFIER = "com.sonyc-research.SONYC-AppTests";
				PRODUCT_NAME = "$(TARGET_NAME)";
				SWIFT_VERSION = 5.0;
				TARGETED_DEVICE_FAMILY = "1,2";
				TEST_HOST = "$(BUILT_PRODUCTS_DIR)/SONYC-App.app/SONYC-App";
			};
			name = Release;
		};
		528C6E9124ABF27E00D7D6F1 /* Debug */ = {
			isa = XCBuildConfiguration;
			buildSettings = {
				ALWAYS_EMBED_SWIFT_STANDARD_LIBRARIES = YES;
				CODE_SIGN_STYLE = Automatic;
				DEVELOPMENT_TEAM = WRXW3U8AZ5;
				INFOPLIST_FILE = "SONYC-AppUITests/Info.plist";
				LD_RUNPATH_SEARCH_PATHS = (
					"$(inherited)",
					"@executable_path/Frameworks",
					"@loader_path/Frameworks",
				);
				PRODUCT_BUNDLE_IDENTIFIER = "com.sonyc-research.SONYC-AppUITests";
				PRODUCT_NAME = "$(TARGET_NAME)";
				SWIFT_VERSION = 5.0;
				TARGETED_DEVICE_FAMILY = "1,2";
				TEST_TARGET_NAME = "SONYC-App";
			};
			name = Debug;
		};
		528C6E9224ABF27E00D7D6F1 /* Release */ = {
			isa = XCBuildConfiguration;
			buildSettings = {
				ALWAYS_EMBED_SWIFT_STANDARD_LIBRARIES = YES;
				CODE_SIGN_STYLE = Automatic;
				DEVELOPMENT_TEAM = WRXW3U8AZ5;
				INFOPLIST_FILE = "SONYC-AppUITests/Info.plist";
				LD_RUNPATH_SEARCH_PATHS = (
					"$(inherited)",
					"@executable_path/Frameworks",
					"@loader_path/Frameworks",
				);
				PRODUCT_BUNDLE_IDENTIFIER = "com.sonyc-research.SONYC-AppUITests";
				PRODUCT_NAME = "$(TARGET_NAME)";
				SWIFT_VERSION = 5.0;
				TARGETED_DEVICE_FAMILY = "1,2";
				TEST_TARGET_NAME = "SONYC-App";
			};
			name = Release;
		};
/* End XCBuildConfiguration section */

/* Begin XCConfigurationList section */
		528C6E5B24ABF27400D7D6F1 /* Build configuration list for PBXProject "SONYC-App" */ = {
			isa = XCConfigurationList;
			buildConfigurations = (
				528C6E8824ABF27E00D7D6F1 /* Debug */,
				528C6E8924ABF27E00D7D6F1 /* Release */,
			);
			defaultConfigurationIsVisible = 0;
			defaultConfigurationName = Release;
		};
		528C6E8A24ABF27E00D7D6F1 /* Build configuration list for PBXNativeTarget "SONYC-App" */ = {
			isa = XCConfigurationList;
			buildConfigurations = (
				528C6E8B24ABF27E00D7D6F1 /* Debug */,
				528C6E8C24ABF27E00D7D6F1 /* Release */,
			);
			defaultConfigurationIsVisible = 0;
			defaultConfigurationName = Release;
		};
		528C6E8D24ABF27E00D7D6F1 /* Build configuration list for PBXNativeTarget "SONYC-AppTests" */ = {
			isa = XCConfigurationList;
			buildConfigurations = (
				528C6E8E24ABF27E00D7D6F1 /* Debug */,
				528C6E8F24ABF27E00D7D6F1 /* Release */,
			);
			defaultConfigurationIsVisible = 0;
			defaultConfigurationName = Release;
		};
		528C6E9024ABF27E00D7D6F1 /* Build configuration list for PBXNativeTarget "SONYC-AppUITests" */ = {
			isa = XCConfigurationList;
			buildConfigurations = (
				528C6E9124ABF27E00D7D6F1 /* Debug */,
				528C6E9224ABF27E00D7D6F1 /* Release */,
			);
			defaultConfigurationIsVisible = 0;
			defaultConfigurationName = Release;
		};
/* End XCConfigurationList section */
	};
	rootObject = 528C6E5824ABF27400D7D6F1 /* Project object */;
}
